
Microsoft Visual Studio Solution File, Format Version 12.00
# Visual Studio 15
VisualStudioVersion = 15.0.26730.15
MinimumVisualStudioVersion = 10.0.40219.1
Project("{FAE04EC0-301F-11D3-BF4B-00C04F79EFBC}") = "ExternalMergeSort", "ExternalMergeSort.csproj", "{D49080E2-43FE-48AC-AECB-4C63025C380B}"
EndProject
Global
	GlobalSection(SolutionConfigurationPlatforms) = preSolution
		Debug|Any CPU = Debug|Any CPU
		Release|Any CPU = Release|Any CPU
	EndGlobalSection
	GlobalSection(ProjectConfigurationPlatforms) = postSolution
		{D49080E2-43FE-48AC-AECB-4C63025C380B}.Debug|Any CPU.ActiveCfg = Debug|Any CPU
		{D49080E2-43FE-48AC-AECB-4C63025C380B}.Debug|Any CPU.Build.0 = Debug|Any CPU
		{D49080E2-43FE-48AC-AECB-4C63025C380B}.Release|Any CPU.ActiveCfg = Release|Any CPU
		{D49080E2-43FE-48AC-AECB-4C63025C380B}.Release|Any CPU.Build.0 = Release|Any CPU
	EndGlobalSection
	GlobalSection(SolutionProperties) = preSolution
		HideSolutionNode = FALSE
	EndGlobalSection
	GlobalSection(ExtensibilityGlobals) = postSolution
		SolutionGuid = {EDE892C8-6E35-490D-AFDE-40CCCA4C1142}
	EndGlobalSection
EndGlobal
